
Microsoft Visual Studio Solution File, Format Version 12.00
# Visual Studio Version 17
VisualStudioVersion = 17.9.34728.123
MinimumVisualStudioVersion = 10.0.40219.1
Project("{FAE04EC0-301F-11D3-BF4B-00C04F79EFBC}") = "Calabonga.ActiveDirectory", "Calabonga.ActiveDirectory\Calabonga.ActiveDirectory.csproj", "{7BFE5EF2-97DF-47D1-B3F1-82E380832D11}"
EndProject
Project("{FAE04EC0-301F-11D3-BF4B-00C04F79EFBC}") = "Calabonga.ActiveDirectory.ConsoleApp", "Calabonga.ActiveDirectory.ConsoleApp\Calabonga.ActiveDirectory.ConsoleApp.csproj", "{74CD9A26-1652-45F5-9E30-96B1DEAD88B0}"
EndProject
Global
	GlobalSection(SolutionConfigurationPlatforms) = preSolution
		Debug|Any CPU = Debug|Any CPU
		Release|Any CPU = Release|Any CPU
	EndGlobalSection
	GlobalSection(ProjectConfigurationPlatforms) = postSolution
		{7BFE5EF2-97DF-47D1-B3F1-82E380832D11}.Debug|Any CPU.ActiveCfg = Debug|Any CPU
		{7BFE5EF2-97DF-47D1-B3F1-82E380832D11}.Debug|Any CPU.Build.0 = Debug|Any CPU
		{7BFE5EF2-97DF-47D1-B3F1-82E380832D11}.Release|Any CPU.ActiveCfg = Release|Any CPU
		{7BFE5EF2-97DF-47D1-B3F1-82E380832D11}.Release|Any CPU.Build.0 = Release|Any CPU
		{74CD9A26-1652-45F5-9E30-96B1DEAD88B0}.Debug|Any CPU.ActiveCfg = Debug|Any CPU
		{74CD9A26-1652-45F5-9E30-96B1DEAD88B0}.Debug|Any CPU.Build.0 = Debug|Any CPU
		{74CD9A26-1652-45F5-9E30-96B1DEAD88B0}.Release|Any CPU.ActiveCfg = Release|Any CPU
		{74CD9A26-1652-45F5-9E30-96B1DEAD88B0}.Release|Any CPU.Build.0 = Release|Any CPU
	EndGlobalSection
	GlobalSection(SolutionProperties) = preSolution
		HideSolutionNode = FALSE
	EndGlobalSection
	GlobalSection(ExtensibilityGlobals) = postSolution
		SolutionGuid = {410436B2-EB68-4DDA-A951-961174D895FC}
	EndGlobalSection
EndGlobal
